
Microsoft Visual Studio Solution File, Format Version 12.00
# Visual Studio Version 17
VisualStudioVersion = 17.14.36518.9
MinimumVisualStudioVersion = 10.0.40219.1
Project("{FAE04EC0-301F-11D3-BF4B-00C04F79EFBC}") = "MovieTickets", "Cinema\MovieTickets.csproj", "{5BD6AD7B-E5C0-4B75-AA3C-DDC40547F62A}"
EndProject
Global
	GlobalSection(SolutionConfigurationPlatforms) = preSolution
		Debug|Any CPU = Debug|Any CPU
		Release|Any CPU = Release|Any CPU
	EndGlobalSection
	GlobalSection(ProjectConfigurationPlatforms) = postSolution
		{5BD6AD7B-E5C0-4B75-AA3C-DDC40547F62A}.Debug|Any CPU.ActiveCfg = Debug|Any CPU
		{5BD6AD7B-E5C0-4B75-AA3C-DDC40547F62A}.Debug|Any CPU.Build.0 = Debug|Any CPU
		{5BD6AD7B-E5C0-4B75-AA3C-DDC40547F62A}.Release|Any CPU.ActiveCfg = Release|Any CPU
		{5BD6AD7B-E5C0-4B75-AA3C-DDC40547F62A}.Release|Any CPU.Build.0 = Release|Any CPU
	EndGlobalSection
	GlobalSection(SolutionProperties) = preSolution
		HideSolutionNode = FALSE
	EndGlobalSection
	GlobalSection(ExtensibilityGlobals) = postSolution
		SolutionGuid = {8439076E-E175-41C0-9F47-94D0F5063F24}
	EndGlobalSection
EndGlobal
